// !$*UTF8*$!
{
	archiveVersion = 1;
	classes = {
	};
	objectVersion = 56;
	objects = {

/* Begin PBXBuildFile section */
		C310CD8A2A43E5B30049C510 /* ListTableViewCell.swift in Sources */ = {isa = PBXBuildFile; fileRef = C310CD892A43E5B30049C510 /* ListTableViewCell.swift */; };
		C310CD8C2A44051E0049C510 /* DiaryList.storyboard in Resources */ = {isa = PBXBuildFile; fileRef = C310CD8B2A44051E0049C510 /* DiaryList.storyboard */; };
		C310CD8E2A44053F0049C510 /* DiaryListViewController.swift in Sources */ = {isa = PBXBuildFile; fileRef = C310CD8D2A44053F0049C510 /* DiaryListViewController.swift */; };
		C310CD902A4405A40049C510 /* DiaryListOverViewController.swift in Sources */ = {isa = PBXBuildFile; fileRef = C310CD8F2A4405A40049C510 /* DiaryListOverViewController.swift */; };
		C310CD932A441DE00049C510 /* DiaryEdit.storyboard in Resources */ = {isa = PBXBuildFile; fileRef = C310CD922A441DE00049C510 /* DiaryEdit.storyboard */; };
		C310CD952A441E040049C510 /* DiaryEditViewController.swift in Sources */ = {isa = PBXBuildFile; fileRef = C310CD942A441E040049C510 /* DiaryEditViewController.swift */; };
		C310CD972A4526F70049C510 /* ImageCollectionViewCell.swift in Sources */ = {isa = PBXBuildFile; fileRef = C310CD962A4526F60049C510 /* ImageCollectionViewCell.swift */; };
		C310CD9B2A4813470049C510 /* ImageDetail.storyboard in Resources */ = {isa = PBXBuildFile; fileRef = C310CD9A2A4813470049C510 /* ImageDetail.storyboard */; };
		C310CD9D2A4814050049C510 /* ImageDetailViewController.swift in Sources */ = {isa = PBXBuildFile; fileRef = C310CD9C2A4814050049C510 /* ImageDetailViewController.swift */; };
		C310CD9F2A4828DD0049C510 /* ImageDetailCollectionViewCell.swift in Sources */ = {isa = PBXBuildFile; fileRef = C310CD9E2A4828DC0049C510 /* ImageDetailCollectionViewCell.swift */; };
		C310CDA12A491D6A0049C510 /* Menu.storyboard in Resources */ = {isa = PBXBuildFile; fileRef = C310CDA02A491D690049C510 /* Menu.storyboard */; };
		C310CDA32A491DA00049C510 /* MenuViewController.swift in Sources */ = {isa = PBXBuildFile; fileRef = C310CDA22A491DA00049C510 /* MenuViewController.swift */; };
		C35B953C2A49DCA9008BB23F /* ScheduleCalendar.storyboard in Resources */ = {isa = PBXBuildFile; fileRef = C35B953B2A49DCA9008BB23F /* ScheduleCalendar.storyboard */; };
		C35B953E2A49DCC8008BB23F /* ScheduleCalendarViewController.swift in Sources */ = {isa = PBXBuildFile; fileRef = C35B953D2A49DCC8008BB23F /* ScheduleCalendarViewController.swift */; };
		C35B95402A4AD24E008BB23F /* ScheduleCalendarOverViewControlle.swift in Sources */ = {isa = PBXBuildFile; fileRef = C35B953F2A4AD24E008BB23F /* ScheduleCalendarOverViewControlle.swift */; };
		C35B95422A4B1D7B008BB23F /* ScheduleEdit.storyboard in Resources */ = {isa = PBXBuildFile; fileRef = C35B95412A4B1D7B008BB23F /* ScheduleEdit.storyboard */; };
		C35B95442A4B1D9E008BB23F /* ScheduleEditViewController.swift in Sources */ = {isa = PBXBuildFile; fileRef = C35B95432A4B1D9E008BB23F /* ScheduleEditViewController.swift */; };
		C35B95462A4B2079008BB23F /* PlaceHolderTextView.swift in Sources */ = {isa = PBXBuildFile; fileRef = C35B95452A4B2079008BB23F /* PlaceHolderTextView.swift */; };
		C369D8622A42E69D00DBDE8A /* AppDelegate.swift in Sources */ = {isa = PBXBuildFile; fileRef = C369D8612A42E69D00DBDE8A /* AppDelegate.swift */; };
		C369D8642A42E69D00DBDE8A /* SceneDelegate.swift in Sources */ = {isa = PBXBuildFile; fileRef = C369D8632A42E69D00DBDE8A /* SceneDelegate.swift */; };
		C369D8662A42E69D00DBDE8A /* MainViewController.swift in Sources */ = {isa = PBXBuildFile; fileRef = C369D8652A42E69D00DBDE8A /* MainViewController.swift */; };
		C369D8692A42E69D00DBDE8A /* Main.storyboard in Resources */ = {isa = PBXBuildFile; fileRef = C369D8672A42E69D00DBDE8A /* Main.storyboard */; };
		C369D86B2A42E6A700DBDE8A /* Assets.xcassets in Resources */ = {isa = PBXBuildFile; fileRef = C369D86A2A42E6A700DBDE8A /* Assets.xcassets */; };
		C369D86E2A42E6A700DBDE8A /* LaunchScreen.storyboard in Resources */ = {isa = PBXBuildFile; fileRef = C369D86C2A42E6A700DBDE8A /* LaunchScreen.storyboard */; };
		C369D8782A42EBCE00DBDE8A /* DiaryCalendar.storyboard in Resources */ = {isa = PBXBuildFile; fileRef = C369D8772A42EBCE00DBDE8A /* DiaryCalendar.storyboard */; };
		C369D87A2A42EC7F00DBDE8A /* DiaryCalendarOverViewController.swift in Sources */ = {isa = PBXBuildFile; fileRef = C369D8792A42EC7F00DBDE8A /* DiaryCalendarOverViewController.swift */; };
		C369D87C2A4376B000DBDE8A /* DiaryCalendarViewController.swift in Sources */ = {isa = PBXBuildFile; fileRef = C369D87B2A4376B000DBDE8A /* DiaryCalendarViewController.swift */; };
		C3D4F0942A4EC1BD005F7825 /* MyUserDefaults.swift in Sources */ = {isa = PBXBuildFile; fileRef = C3D4F0932A4EC1BD005F7825 /* MyUserDefaults.swift */; };
		C3F598372A4BFD1C00705BE0 /* ScheduleList.storyboard in Resources */ = {isa = PBXBuildFile; fileRef = C3F598362A4BFD1C00705BE0 /* ScheduleList.storyboard */; };
		C3F598392A4BFD5F00705BE0 /* ScheduleListOverViewController.swift in Sources */ = {isa = PBXBuildFile; fileRef = C3F598382A4BFD5F00705BE0 /* ScheduleListOverViewController.swift */; };
		C3F5983B2A4BFD7C00705BE0 /* ScheduleListViewController.swift in Sources */ = {isa = PBXBuildFile; fileRef = C3F5983A2A4BFD7C00705BE0 /* ScheduleListViewController.swift */; };
		C3F5983D2A4C074C00705BE0 /* Setting.storyboard in Resources */ = {isa = PBXBuildFile; fileRef = C3F5983C2A4C074C00705BE0 /* Setting.storyboard */; };
		C3F5983F2A4C076C00705BE0 /* SettingViewController.swift in Sources */ = {isa = PBXBuildFile; fileRef = C3F5983E2A4C076C00705BE0 /* SettingViewController.swift */; };
		C3F598412A4C226800705BE0 /* ImageAddCollectionViewCell.swift in Sources */ = {isa = PBXBuildFile; fileRef = C3F598402A4C226800705BE0 /* ImageAddCollectionViewCell.swift */; };
		C3F598432A4C7F7D00705BE0 /* OshiList.storyboard in Resources */ = {isa = PBXBuildFile; fileRef = C3F598422A4C7F7D00705BE0 /* OshiList.storyboard */; };
		C3F598452A4C803000705BE0 /* OshiListViewController.swift in Sources */ = {isa = PBXBuildFile; fileRef = C3F598442A4C803000705BE0 /* OshiListViewController.swift */; };
		C3F598472A4D117C00705BE0 /* OshiListTableViewCell.swift in Sources */ = {isa = PBXBuildFile; fileRef = C3F598462A4D117C00705BE0 /* OshiListTableViewCell.swift */; };
		C3F598492A4D11B300705BE0 /* OshiListAddTableViewCell.swift in Sources */ = {isa = PBXBuildFile; fileRef = C3F598482A4D11B200705BE0 /* OshiListAddTableViewCell.swift */; };
		C3F5984C2A4D621500705BE0 /* Setting.swift in Sources */ = {isa = PBXBuildFile; fileRef = C3F5984B2A4D621500705BE0 /* Setting.swift */; };
		C3F5984F2A4D648300705BE0 /* CommonMethod.swift in Sources */ = {isa = PBXBuildFile; fileRef = C3F5984E2A4D648300705BE0 /* CommonMethod.swift */; };
		C3F598512A4D661300705BE0 /* Const.swift in Sources */ = {isa = PBXBuildFile; fileRef = C3F598502A4D661300705BE0 /* Const.swift */; };
		D082EE23749EC01E8BABF7CA /* Pods_OshiDiary.framework in Frameworks */ = {isa = PBXBuildFile; fileRef = 0FFD4F9961AF96132CD3485B /* Pods_OshiDiary.framework */; };
/* End PBXBuildFile section */

/* Begin PBXFileReference section */
		0FFD4F9961AF96132CD3485B /* Pods_OshiDiary.framework */ = {isa = PBXFileReference; explicitFileType = wrapper.framework; includeInIndex = 0; path = Pods_OshiDiary.framework; sourceTree = BUILT_PRODUCTS_DIR; };
		AA29EBF9CEA90FED0CC0A97E /* Pods-OshiDiary.debug.xcconfig */ = {isa = PBXFileReference; includeInIndex = 1; lastKnownFileType = text.xcconfig; name = "Pods-OshiDiary.debug.xcconfig"; path = "Target Support Files/Pods-OshiDiary/Pods-OshiDiary.debug.xcconfig"; sourceTree = "<group>"; };
		C310CD892A43E5B30049C510 /* ListTableViewCell.swift */ = {isa = PBXFileReference; lastKnownFileType = sourcecode.swift; path = ListTableViewCell.swift; sourceTree = "<group>"; };
		C310CD8B2A44051E0049C510 /* DiaryList.storyboard */ = {isa = PBXFileReference; lastKnownFileType = file.storyboard; path = DiaryList.storyboard; sourceTree = "<group>"; };
		C310CD8D2A44053F0049C510 /* DiaryListViewController.swift */ = {isa = PBXFileReference; lastKnownFileType = sourcecode.swift; path = DiaryListViewController.swift; sourceTree = "<group>"; };
		C310CD8F2A4405A40049C510 /* DiaryListOverViewController.swift */ = {isa = PBXFileReference; lastKnownFileType = sourcecode.swift; path = DiaryListOverViewController.swift; sourceTree = "<group>"; };
		C310CD922A441DE00049C510 /* DiaryEdit.storyboard */ = {isa = PBXFileReference; lastKnownFileType = file.storyboard; path = DiaryEdit.storyboard; sourceTree = "<group>"; };
		C310CD942A441E040049C510 /* DiaryEditViewController.swift */ = {isa = PBXFileReference; lastKnownFileType = sourcecode.swift; path = DiaryEditViewController.swift; sourceTree = "<group>"; };
		C310CD962A4526F60049C510 /* ImageCollectionViewCell.swift */ = {isa = PBXFileReference; lastKnownFileType = sourcecode.swift; path = ImageCollectionViewCell.swift; sourceTree = "<group>"; };
		C310CD9A2A4813470049C510 /* ImageDetail.storyboard */ = {isa = PBXFileReference; lastKnownFileType = file.storyboard; path = ImageDetail.storyboard; sourceTree = "<group>"; };
		C310CD9C2A4814050049C510 /* ImageDetailViewController.swift */ = {isa = PBXFileReference; lastKnownFileType = sourcecode.swift; path = ImageDetailViewController.swift; sourceTree = "<group>"; };
		C310CD9E2A4828DC0049C510 /* ImageDetailCollectionViewCell.swift */ = {isa = PBXFileReference; lastKnownFileType = sourcecode.swift; name = ImageDetailCollectionViewCell.swift; path = OshiDiary/ImageDetailCollectionViewCell.swift; sourceTree = SOURCE_ROOT; };
		C310CDA02A491D690049C510 /* Menu.storyboard */ = {isa = PBXFileReference; lastKnownFileType = file.storyboard; path = Menu.storyboard; sourceTree = "<group>"; };
		C310CDA22A491DA00049C510 /* MenuViewController.swift */ = {isa = PBXFileReference; lastKnownFileType = sourcecode.swift; path = MenuViewController.swift; sourceTree = "<group>"; };
		C35B953B2A49DCA9008BB23F /* ScheduleCalendar.storyboard */ = {isa = PBXFileReference; lastKnownFileType = file.storyboard; path = ScheduleCalendar.storyboard; sourceTree = "<group>"; };
		C35B953D2A49DCC8008BB23F /* ScheduleCalendarViewController.swift */ = {isa = PBXFileReference; lastKnownFileType = sourcecode.swift; path = ScheduleCalendarViewController.swift; sourceTree = "<group>"; };
		C35B953F2A4AD24E008BB23F /* ScheduleCalendarOverViewControlle.swift */ = {isa = PBXFileReference; lastKnownFileType = sourcecode.swift; path = ScheduleCalendarOverViewControlle.swift; sourceTree = "<group>"; };
		C35B95412A4B1D7B008BB23F /* ScheduleEdit.storyboard */ = {isa = PBXFileReference; lastKnownFileType = file.storyboard; path = ScheduleEdit.storyboard; sourceTree = "<group>"; };
		C35B95432A4B1D9E008BB23F /* ScheduleEditViewController.swift */ = {isa = PBXFileReference; lastKnownFileType = sourcecode.swift; path = ScheduleEditViewController.swift; sourceTree = "<group>"; };
		C35B95452A4B2079008BB23F /* PlaceHolderTextView.swift */ = {isa = PBXFileReference; lastKnownFileType = sourcecode.swift; path = PlaceHolderTextView.swift; sourceTree = "<group>"; };
		C369D85E2A42E69D00DBDE8A /* OshiDiary.app */ = {isa = PBXFileReference; explicitFileType = wrapper.application; includeInIndex = 0; path = OshiDiary.app; sourceTree = BUILT_PRODUCTS_DIR; };
		C369D8612A42E69D00DBDE8A /* AppDelegate.swift */ = {isa = PBXFileReference; lastKnownFileType = sourcecode.swift; path = AppDelegate.swift; sourceTree = "<group>"; };
		C369D8632A42E69D00DBDE8A /* SceneDelegate.swift */ = {isa = PBXFileReference; lastKnownFileType = sourcecode.swift; path = SceneDelegate.swift; sourceTree = "<group>"; };
		C369D8652A42E69D00DBDE8A /* MainViewController.swift */ = {isa = PBXFileReference; lastKnownFileType = sourcecode.swift; path = MainViewController.swift; sourceTree = "<group>"; };
		C369D8682A42E69D00DBDE8A /* Base */ = {isa = PBXFileReference; lastKnownFileType = file.storyboard; name = Base; path = Base.lproj/Main.storyboard; sourceTree = "<group>"; };
		C369D86A2A42E6A700DBDE8A /* Assets.xcassets */ = {isa = PBXFileReference; lastKnownFileType = folder.assetcatalog; path = Assets.xcassets; sourceTree = "<group>"; };
		C369D86D2A42E6A700DBDE8A /* Base */ = {isa = PBXFileReference; lastKnownFileType = file.storyboard; name = Base; path = Base.lproj/LaunchScreen.storyboard; sourceTree = "<group>"; };
		C369D86F2A42E6A700DBDE8A /* Info.plist */ = {isa = PBXFileReference; lastKnownFileType = text.plist.xml; path = Info.plist; sourceTree = "<group>"; };
		C369D8772A42EBCE00DBDE8A /* DiaryCalendar.storyboard */ = {isa = PBXFileReference; lastKnownFileType = file.storyboard; path = DiaryCalendar.storyboard; sourceTree = "<group>"; };
		C369D8792A42EC7F00DBDE8A /* DiaryCalendarOverViewController.swift */ = {isa = PBXFileReference; lastKnownFileType = sourcecode.swift; path = DiaryCalendarOverViewController.swift; sourceTree = "<group>"; };
		C369D87B2A4376B000DBDE8A /* DiaryCalendarViewController.swift */ = {isa = PBXFileReference; lastKnownFileType = sourcecode.swift; path = DiaryCalendarViewController.swift; sourceTree = "<group>"; };
		C3D4F0932A4EC1BD005F7825 /* MyUserDefaults.swift */ = {isa = PBXFileReference; lastKnownFileType = sourcecode.swift; path = MyUserDefaults.swift; sourceTree = "<group>"; };
		C3F598362A4BFD1C00705BE0 /* ScheduleList.storyboard */ = {isa = PBXFileReference; lastKnownFileType = file.storyboard; path = ScheduleList.storyboard; sourceTree = "<group>"; };
		C3F598382A4BFD5F00705BE0 /* ScheduleListOverViewController.swift */ = {isa = PBXFileReference; lastKnownFileType = sourcecode.swift; path = ScheduleListOverViewController.swift; sourceTree = "<group>"; };
		C3F5983A2A4BFD7C00705BE0 /* ScheduleListViewController.swift */ = {isa = PBXFileReference; lastKnownFileType = sourcecode.swift; path = ScheduleListViewController.swift; sourceTree = "<group>"; };
		C3F5983C2A4C074C00705BE0 /* Setting.storyboard */ = {isa = PBXFileReference; lastKnownFileType = file.storyboard; path = Setting.storyboard; sourceTree = "<group>"; };
		C3F5983E2A4C076C00705BE0 /* SettingViewController.swift */ = {isa = PBXFileReference; lastKnownFileType = sourcecode.swift; path = SettingViewController.swift; sourceTree = "<group>"; };
		C3F598402A4C226800705BE0 /* ImageAddCollectionViewCell.swift */ = {isa = PBXFileReference; lastKnownFileType = sourcecode.swift; path = ImageAddCollectionViewCell.swift; sourceTree = "<group>"; };
		C3F598422A4C7F7D00705BE0 /* OshiList.storyboard */ = {isa = PBXFileReference; lastKnownFileType = file.storyboard; path = OshiList.storyboard; sourceTree = "<group>"; };
		C3F598442A4C803000705BE0 /* OshiListViewController.swift */ = {isa = PBXFileReference; lastKnownFileType = sourcecode.swift; path = OshiListViewController.swift; sourceTree = "<group>"; };
		C3F598462A4D117C00705BE0 /* OshiListTableViewCell.swift */ = {isa = PBXFileReference; lastKnownFileType = sourcecode.swift; path = OshiListTableViewCell.swift; sourceTree = "<group>"; };
		C3F598482A4D11B200705BE0 /* OshiListAddTableViewCell.swift */ = {isa = PBXFileReference; lastKnownFileType = sourcecode.swift; path = OshiListAddTableViewCell.swift; sourceTree = "<group>"; };
		C3F5984B2A4D621500705BE0 /* Setting.swift */ = {isa = PBXFileReference; lastKnownFileType = sourcecode.swift; path = Setting.swift; sourceTree = "<group>"; };
		C3F5984E2A4D648300705BE0 /* CommonMethod.swift */ = {isa = PBXFileReference; lastKnownFileType = sourcecode.swift; path = CommonMethod.swift; sourceTree = "<group>"; };
		C3F598502A4D661300705BE0 /* Const.swift */ = {isa = PBXFileReference; lastKnownFileType = sourcecode.swift; path = Const.swift; sourceTree = "<group>"; };
		DD2B14EE28CB000A69BCA50E /* Pods-OshiDiary.release.xcconfig */ = {isa = PBXFileReference; includeInIndex = 1; lastKnownFileType = text.xcconfig; name = "Pods-OshiDiary.release.xcconfig"; path = "Target Support Files/Pods-OshiDiary/Pods-OshiDiary.release.xcconfig"; sourceTree = "<group>"; };
/* End PBXFileReference section */

/* Begin PBXFrameworksBuildPhase section */
		C369D85B2A42E69D00DBDE8A /* Frameworks */ = {
			isa = PBXFrameworksBuildPhase;
			buildActionMask = 2147483647;
			files = (
				D082EE23749EC01E8BABF7CA /* Pods_OshiDiary.framework in Frameworks */,
			);
			runOnlyForDeploymentPostprocessing = 0;
		};
/* End PBXFrameworksBuildPhase section */

/* Begin PBXGroup section */
		B391C8F2D8308DFAE8AEE33B /* Frameworks */ = {
			isa = PBXGroup;
			children = (
				0FFD4F9961AF96132CD3485B /* Pods_OshiDiary.framework */,
			);
			name = Frameworks;
			sourceTree = "<group>";
		};
		C1E433F4DE7715FBB9D3823B /* Pods */ = {
			isa = PBXGroup;
			children = (
				AA29EBF9CEA90FED0CC0A97E /* Pods-OshiDiary.debug.xcconfig */,
				DD2B14EE28CB000A69BCA50E /* Pods-OshiDiary.release.xcconfig */,
			);
			path = Pods;
			sourceTree = "<group>";
		};
		C310CD882A43E5740049C510 /* Custom */ = {
			isa = PBXGroup;
			children = (
				C3F598402A4C226800705BE0 /* ImageAddCollectionViewCell.swift */,
				C310CD962A4526F60049C510 /* ImageCollectionViewCell.swift */,
				C310CD9E2A4828DC0049C510 /* ImageDetailCollectionViewCell.swift */,
				C310CD892A43E5B30049C510 /* ListTableViewCell.swift */,
				C3F598482A4D11B200705BE0 /* OshiListAddTableViewCell.swift */,
				C3F598462A4D117C00705BE0 /* OshiListTableViewCell.swift */,
				C35B95452A4B2079008BB23F /* PlaceHolderTextView.swift */,
			);
			path = Custom;
			sourceTree = "<group>";
		};
		C369D8552A42E69D00DBDE8A = {
			isa = PBXGroup;
			children = (
				B391C8F2D8308DFAE8AEE33B /* Frameworks */,
				C369D8602A42E69D00DBDE8A /* OshiDiary */,
				C1E433F4DE7715FBB9D3823B /* Pods */,
				C369D85F2A42E69D00DBDE8A /* Products */,
			);
			sourceTree = "<group>";
		};
		C369D85F2A42E69D00DBDE8A /* Products */ = {
			isa = PBXGroup;
			children = (
				C369D85E2A42E69D00DBDE8A /* OshiDiary.app */,
			);
			name = Products;
			sourceTree = "<group>";
		};
		C369D8602A42E69D00DBDE8A /* OshiDiary */ = {
			isa = PBXGroup;
			children = (
				C3F5984D2A4D645A00705BE0 /* Common */,
				C3F5984A2A4D61E300705BE0 /* Realm */,
				C310CD882A43E5740049C510 /* Custom */,
				C369D8612A42E69D00DBDE8A /* AppDelegate.swift */,
				C369D86A2A42E6A700DBDE8A /* Assets.xcassets */,
				C369D86F2A42E6A700DBDE8A /* Info.plist */,
				C369D8632A42E69D00DBDE8A /* SceneDelegate.swift */,
				C369D8752A42EB1E00DBDE8A /* Storyboard */,
				C369D8762A42EB3900DBDE8A /* ViewController */,
			);
			path = OshiDiary;
			sourceTree = "<group>";
		};
		C369D8752A42EB1E00DBDE8A /* Storyboard */ = {
			isa = PBXGroup;
			children = (
				C369D8672A42E69D00DBDE8A /* Main.storyboard */,
				C369D86C2A42E6A700DBDE8A /* LaunchScreen.storyboard */,
				C369D8772A42EBCE00DBDE8A /* DiaryCalendar.storyboard */,
				C310CD8B2A44051E0049C510 /* DiaryList.storyboard */,
				C310CD922A441DE00049C510 /* DiaryEdit.storyboard */,
				C310CD9A2A4813470049C510 /* ImageDetail.storyboard */,
				C310CDA02A491D690049C510 /* Menu.storyboard */,
				C35B953B2A49DCA9008BB23F /* ScheduleCalendar.storyboard */,
				C35B95412A4B1D7B008BB23F /* ScheduleEdit.storyboard */,
				C3F598362A4BFD1C00705BE0 /* ScheduleList.storyboard */,
				C3F5983C2A4C074C00705BE0 /* Setting.storyboard */,
				C3F598422A4C7F7D00705BE0 /* OshiList.storyboard */,
			);
			path = Storyboard;
			sourceTree = "<group>";
		};
		C369D8762A42EB3900DBDE8A /* ViewController */ = {
			isa = PBXGroup;
			children = (
				C369D8652A42E69D00DBDE8A /* MainViewController.swift */,
				C369D8792A42EC7F00DBDE8A /* DiaryCalendarOverViewController.swift */,
				C369D87B2A4376B000DBDE8A /* DiaryCalendarViewController.swift */,
				C310CD8D2A44053F0049C510 /* DiaryListViewController.swift */,
				C310CD8F2A4405A40049C510 /* DiaryListOverViewController.swift */,
				C310CD942A441E040049C510 /* DiaryEditViewController.swift */,
				C310CD9C2A4814050049C510 /* ImageDetailViewController.swift */,
				C310CDA22A491DA00049C510 /* MenuViewController.swift */,
				C35B953D2A49DCC8008BB23F /* ScheduleCalendarViewController.swift */,
				C35B953F2A4AD24E008BB23F /* ScheduleCalendarOverViewControlle.swift */,
				C35B95432A4B1D9E008BB23F /* ScheduleEditViewController.swift */,
				C3F598382A4BFD5F00705BE0 /* ScheduleListOverViewController.swift */,
				C3F5983A2A4BFD7C00705BE0 /* ScheduleListViewController.swift */,
				C3F5983E2A4C076C00705BE0 /* SettingViewController.swift */,
				C3F598442A4C803000705BE0 /* OshiListViewController.swift */,
			);
			path = ViewController;
			sourceTree = "<group>";
		};
		C3F5984A2A4D61E300705BE0 /* Realm */ = {
			isa = PBXGroup;
			children = (
				C3F5984B2A4D621500705BE0 /* Setting.swift */,
			);
			path = Realm;
			sourceTree = "<group>";
		};
		C3F5984D2A4D645A00705BE0 /* Common */ = {
			isa = PBXGroup;
			children = (
				C3F5984E2A4D648300705BE0 /* CommonMethod.swift */,
				C3F598502A4D661300705BE0 /* Const.swift */,
				C3D4F0932A4EC1BD005F7825 /* MyUserDefaults.swift */,
			);
			path = Common;
			sourceTree = "<group>";
		};
/* End PBXGroup section */

/* Begin PBXNativeTarget section */
		C369D85D2A42E69D00DBDE8A /* OshiDiary */ = {
			isa = PBXNativeTarget;
			buildConfigurationList = C369D8722A42E6A700DBDE8A /* Build configuration list for PBXNativeTarget "OshiDiary" */;
			buildPhases = (
				78BC0169DB47F831532B4159 /* [CP] Check Pods Manifest.lock */,
				C369D85A2A42E69D00DBDE8A /* Sources */,
				C369D85B2A42E69D00DBDE8A /* Frameworks */,
				C369D85C2A42E69D00DBDE8A /* Resources */,
				CBC53E903D9DADD2E17AD748 /* [CP] Embed Pods Frameworks */,
			);
			buildRules = (
			);
			dependencies = (
			);
			name = OshiDiary;
			productName = OshiDiary;
			productReference = C369D85E2A42E69D00DBDE8A /* OshiDiary.app */;
			productType = "com.apple.product-type.application";
		};
/* End PBXNativeTarget section */

/* Begin PBXProject section */
		C369D8562A42E69D00DBDE8A /* Project object */ = {
			isa = PBXProject;
			attributes = {
				BuildIndependentTargetsInParallel = 1;
				LastSwiftUpdateCheck = 1410;
				LastUpgradeCheck = 1410;
				TargetAttributes = {
					C369D85D2A42E69D00DBDE8A = {
						CreatedOnToolsVersion = 14.1;
					};
				};
			};
			buildConfigurationList = C369D8592A42E69D00DBDE8A /* Build configuration list for PBXProject "OshiDiary" */;
			compatibilityVersion = "Xcode 14.0";
			developmentRegion = en;
			hasScannedForEncodings = 0;
			knownRegions = (
				en,
				Base,
			);
			mainGroup = C369D8552A42E69D00DBDE8A;
			productRefGroup = C369D85F2A42E69D00DBDE8A /* Products */;
			projectDirPath = "";
			projectRoot = "";
			targets = (
				C369D85D2A42E69D00DBDE8A /* OshiDiary */,
			);
		};
/* End PBXProject section */

/* Begin PBXResourcesBuildPhase section */
		C369D85C2A42E69D00DBDE8A /* Resources */ = {
			isa = PBXResourcesBuildPhase;
			buildActionMask = 2147483647;
			files = (
				C369D86E2A42E6A700DBDE8A /* LaunchScreen.storyboard in Resources */,
				C369D86B2A42E6A700DBDE8A /* Assets.xcassets in Resources */,
				C369D8782A42EBCE00DBDE8A /* DiaryCalendar.storyboard in Resources */,
				C35B95422A4B1D7B008BB23F /* ScheduleEdit.storyboard in Resources */,
				C35B953C2A49DCA9008BB23F /* ScheduleCalendar.storyboard in Resources */,
				C310CDA12A491D6A0049C510 /* Menu.storyboard in Resources */,
				C310CD9B2A4813470049C510 /* ImageDetail.storyboard in Resources */,
				C3F598432A4C7F7D00705BE0 /* OshiList.storyboard in Resources */,
				C369D8692A42E69D00DBDE8A /* Main.storyboard in Resources */,
				C310CD8C2A44051E0049C510 /* DiaryList.storyboard in Resources */,
				C310CD932A441DE00049C510 /* DiaryEdit.storyboard in Resources */,
				C3F598372A4BFD1C00705BE0 /* ScheduleList.storyboard in Resources */,
				C3F5983D2A4C074C00705BE0 /* Setting.storyboard in Resources */,
			);
			runOnlyForDeploymentPostprocessing = 0;
		};
/* End PBXResourcesBuildPhase section */

/* Begin PBXShellScriptBuildPhase section */
		78BC0169DB47F831532B4159 /* [CP] Check Pods Manifest.lock */ = {
			isa = PBXShellScriptBuildPhase;
			buildActionMask = 2147483647;
			files = (
			);
			inputFileListPaths = (
			);
			inputPaths = (
				"${PODS_PODFILE_DIR_PATH}/Podfile.lock",
				"${PODS_ROOT}/Manifest.lock",
			);
			name = "[CP] Check Pods Manifest.lock";
			outputFileListPaths = (
			);
			outputPaths = (
				"$(DERIVED_FILE_DIR)/Pods-OshiDiary-checkManifestLockResult.txt",
			);
			runOnlyForDeploymentPostprocessing = 0;
			shellPath = /bin/sh;
			shellScript = "diff \"${PODS_PODFILE_DIR_PATH}/Podfile.lock\" \"${PODS_ROOT}/Manifest.lock\" > /dev/null\nif [ $? != 0 ] ; then\n    # print error to STDERR\n    echo \"error: The sandbox is not in sync with the Podfile.lock. Run 'pod install' or update your CocoaPods installation.\" >&2\n    exit 1\nfi\n# This output is used by Xcode 'outputs' to avoid re-running this script phase.\necho \"SUCCESS\" > \"${SCRIPT_OUTPUT_FILE_0}\"\n";
			showEnvVarsInLog = 0;
		};
		CBC53E903D9DADD2E17AD748 /* [CP] Embed Pods Frameworks */ = {
			isa = PBXShellScriptBuildPhase;
			buildActionMask = 2147483647;
			files = (
			);
			inputFileListPaths = (
				"${PODS_ROOT}/Target Support Files/Pods-OshiDiary/Pods-OshiDiary-frameworks-${CONFIGURATION}-input-files.xcfilelist",
			);
			name = "[CP] Embed Pods Frameworks";
			outputFileListPaths = (
				"${PODS_ROOT}/Target Support Files/Pods-OshiDiary/Pods-OshiDiary-frameworks-${CONFIGURATION}-output-files.xcfilelist",
			);
			runOnlyForDeploymentPostprocessing = 0;
			shellPath = /bin/sh;
			shellScript = "\"${PODS_ROOT}/Target Support Files/Pods-OshiDiary/Pods-OshiDiary-frameworks.sh\"\n";
			showEnvVarsInLog = 0;
		};
/* End PBXShellScriptBuildPhase section */

/* Begin PBXSourcesBuildPhase section */
		C369D85A2A42E69D00DBDE8A /* Sources */ = {
			isa = PBXSourcesBuildPhase;
			buildActionMask = 2147483647;
			files = (
				C3D4F0942A4EC1BD005F7825 /* MyUserDefaults.swift in Sources */,
				C369D8662A42E69D00DBDE8A /* MainViewController.swift in Sources */,
				C35B953E2A49DCC8008BB23F /* ScheduleCalendarViewController.swift in Sources */,
				C310CD972A4526F70049C510 /* ImageCollectionViewCell.swift in Sources */,
				C3F5984F2A4D648300705BE0 /* CommonMethod.swift in Sources */,
				C310CD952A441E040049C510 /* DiaryEditViewController.swift in Sources */,
				C369D87C2A4376B000DBDE8A /* DiaryCalendarViewController.swift in Sources */,
				C3F5984C2A4D621500705BE0 /* Setting.swift in Sources */,
				C369D8622A42E69D00DBDE8A /* AppDelegate.swift in Sources */,
				C3F598512A4D661300705BE0 /* Const.swift in Sources */,
				C369D87A2A42EC7F00DBDE8A /* DiaryCalendarOverViewController.swift in Sources */,
				C310CD9D2A4814050049C510 /* ImageDetailViewController.swift in Sources */,
				C35B95402A4AD24E008BB23F /* ScheduleCalendarOverViewControlle.swift in Sources */,
				C310CDA32A491DA00049C510 /* MenuViewController.swift in Sources */,
				C35B95442A4B1D9E008BB23F /* ScheduleEditViewController.swift in Sources */,
				C3F598392A4BFD5F00705BE0 /* ScheduleListOverViewController.swift in Sources */,
				C3F598492A4D11B300705BE0 /* OshiListAddTableViewCell.swift in Sources */,
				C35B95462A4B2079008BB23F /* PlaceHolderTextView.swift in Sources */,
				C3F598452A4C803000705BE0 /* OshiListViewController.swift in Sources */,
				C310CD9F2A4828DD0049C510 /* ImageDetailCollectionViewCell.swift in Sources */,
				C310CD902A4405A40049C510 /* DiaryListOverViewController.swift in Sources */,
				C3F5983F2A4C076C00705BE0 /* SettingViewController.swift in Sources */,
				C369D8642A42E69D00DBDE8A /* SceneDelegate.swift in Sources */,
				C3F598412A4C226800705BE0 /* ImageAddCollectionViewCell.swift in Sources */,
				C3F5983B2A4BFD7C00705BE0 /* ScheduleListViewController.swift in Sources */,
				C310CD8A2A43E5B30049C510 /* ListTableViewCell.swift in Sources */,
				C310CD8E2A44053F0049C510 /* DiaryListViewController.swift in Sources */,
				C3F598472A4D117C00705BE0 /* OshiListTableViewCell.swift in Sources */,
			);
			runOnlyForDeploymentPostprocessing = 0;
		};
/* End PBXSourcesBuildPhase section */

/* Begin PBXVariantGroup section */
		C369D8672A42E69D00DBDE8A /* Main.storyboard */ = {
			isa = PBXVariantGroup;
			children = (
				C369D8682A42E69D00DBDE8A /* Base */,
			);
			name = Main.storyboard;
			sourceTree = "<group>";
		};
		C369D86C2A42E6A700DBDE8A /* LaunchScreen.storyboard */ = {
			isa = PBXVariantGroup;
			children = (
				C369D86D2A42E6A700DBDE8A /* Base */,
			);
			name = LaunchScreen.storyboard;
			sourceTree = "<group>";
		};
/* End PBXVariantGroup section */

/* Begin XCBuildConfiguration section */
		C369D8702A42E6A700DBDE8A /* Debug */ = {
			isa = XCBuildConfiguration;
			buildSettings = {
				ALWAYS_SEARCH_USER_PATHS = NO;
				CLANG_ANALYZER_NONNULL = YES;
				CLANG_ANALYZER_NUMBER_OBJECT_CONVERSION = YES_AGGRESSIVE;
				CLANG_CXX_LANGUAGE_STANDARD = "gnu++20";
				CLANG_ENABLE_MODULES = YES;
				CLANG_ENABLE_OBJC_ARC = YES;
				CLANG_ENABLE_OBJC_WEAK = YES;
				CLANG_WARN_BLOCK_CAPTURE_AUTORELEASING = YES;
				CLANG_WARN_BOOL_CONVERSION = YES;
				CLANG_WARN_COMMA = YES;
				CLANG_WARN_CONSTANT_CONVERSION = YES;
				CLANG_WARN_DEPRECATED_OBJC_IMPLEMENTATIONS = YES;
				CLANG_WARN_DIRECT_OBJC_ISA_USAGE = YES_ERROR;
				CLANG_WARN_DOCUMENTATION_COMMENTS = YES;
				CLANG_WARN_EMPTY_BODY = YES;
				CLANG_WARN_ENUM_CONVERSION = YES;
				CLANG_WARN_INFINITE_RECURSION = YES;
				CLANG_WARN_INT_CONVERSION = YES;
				CLANG_WARN_NON_LITERAL_NULL_CONVERSION = YES;
				CLANG_WARN_OBJC_IMPLICIT_RETAIN_SELF = YES;
				CLANG_WARN_OBJC_LITERAL_CONVERSION = YES;
				CLANG_WARN_OBJC_ROOT_CLASS = YES_ERROR;
				CLANG_WARN_QUOTED_INCLUDE_IN_FRAMEWORK_HEADER = YES;
				CLANG_WARN_RANGE_LOOP_ANALYSIS = YES;
				CLANG_WARN_STRICT_PROTOTYPES = YES;
				CLANG_WARN_SUSPICIOUS_MOVE = YES;
				CLANG_WARN_UNGUARDED_AVAILABILITY = YES_AGGRESSIVE;
				CLANG_WARN_UNREACHABLE_CODE = YES;
				CLANG_WARN__DUPLICATE_METHOD_MATCH = YES;
				COPY_PHASE_STRIP = NO;
				DEBUG_INFORMATION_FORMAT = dwarf;
				ENABLE_STRICT_OBJC_MSGSEND = YES;
				ENABLE_TESTABILITY = YES;
				GCC_C_LANGUAGE_STANDARD = gnu11;
				GCC_DYNAMIC_NO_PIC = NO;
				GCC_NO_COMMON_BLOCKS = YES;
				GCC_OPTIMIZATION_LEVEL = 0;
				GCC_PREPROCESSOR_DEFINITIONS = (
					"DEBUG=1",
					"$(inherited)",
				);
				GCC_WARN_64_TO_32_BIT_CONVERSION = YES;
				GCC_WARN_ABOUT_RETURN_TYPE = YES_ERROR;
				GCC_WARN_UNDECLARED_SELECTOR = YES;
				GCC_WARN_UNINITIALIZED_AUTOS = YES_AGGRESSIVE;
				GCC_WARN_UNUSED_FUNCTION = YES;
				GCC_WARN_UNUSED_VARIABLE = YES;
				IPHONEOS_DEPLOYMENT_TARGET = 16.1;
				MTL_ENABLE_DEBUG_INFO = INCLUDE_SOURCE;
				MTL_FAST_MATH = YES;
				ONLY_ACTIVE_ARCH = YES;
				SDKROOT = iphoneos;
				SWIFT_ACTIVE_COMPILATION_CONDITIONS = DEBUG;
				SWIFT_OPTIMIZATION_LEVEL = "-Onone";
			};
			name = Debug;
		};
		C369D8712A42E6A700DBDE8A /* Release */ = {
			isa = XCBuildConfiguration;
			buildSettings = {
				ALWAYS_SEARCH_USER_PATHS = NO;
				CLANG_ANALYZER_NONNULL = YES;
				CLANG_ANALYZER_NUMBER_OBJECT_CONVERSION = YES_AGGRESSIVE;
				CLANG_CXX_LANGUAGE_STANDARD = "gnu++20";
				CLANG_ENABLE_MODULES = YES;
				CLANG_ENABLE_OBJC_ARC = YES;
				CLANG_ENABLE_OBJC_WEAK = YES;
				CLANG_WARN_BLOCK_CAPTURE_AUTORELEASING = YES;
				CLANG_WARN_BOOL_CONVERSION = YES;
				CLANG_WARN_COMMA = YES;
				CLANG_WARN_CONSTANT_CONVERSION = YES;
				CLANG_WARN_DEPRECATED_OBJC_IMPLEMENTATIONS = YES;
				CLANG_WARN_DIRECT_OBJC_ISA_USAGE = YES_ERROR;
				CLANG_WARN_DOCUMENTATION_COMMENTS = YES;
				CLANG_WARN_EMPTY_BODY = YES;
				CLANG_WARN_ENUM_CONVERSION = YES;
				CLANG_WARN_INFINITE_RECURSION = YES;
				CLANG_WARN_INT_CONVERSION = YES;
				CLANG_WARN_NON_LITERAL_NULL_CONVERSION = YES;
				CLANG_WARN_OBJC_IMPLICIT_RETAIN_SELF = YES;
				CLANG_WARN_OBJC_LITERAL_CONVERSION = YES;
				CLANG_WARN_OBJC_ROOT_CLASS = YES_ERROR;
				CLANG_WARN_QUOTED_INCLUDE_IN_FRAMEWORK_HEADER = YES;
				CLANG_WARN_RANGE_LOOP_ANALYSIS = YES;
				CLANG_WARN_STRICT_PROTOTYPES = YES;
				CLANG_WARN_SUSPICIOUS_MOVE = YES;
				CLANG_WARN_UNGUARDED_AVAILABILITY = YES_AGGRESSIVE;
				CLANG_WARN_UNREACHABLE_CODE = YES;
				CLANG_WARN__DUPLICATE_METHOD_MATCH = YES;
				COPY_PHASE_STRIP = NO;
				DEBUG_INFORMATION_FORMAT = "dwarf-with-dsym";
				ENABLE_NS_ASSERTIONS = NO;
				ENABLE_STRICT_OBJC_MSGSEND = YES;
				GCC_C_LANGUAGE_STANDARD = gnu11;
				GCC_NO_COMMON_BLOCKS = YES;
				GCC_WARN_64_TO_32_BIT_CONVERSION = YES;
				GCC_WARN_ABOUT_RETURN_TYPE = YES_ERROR;
				GCC_WARN_UNDECLARED_SELECTOR = YES;
				GCC_WARN_UNINITIALIZED_AUTOS = YES_AGGRESSIVE;
				GCC_WARN_UNUSED_FUNCTION = YES;
				GCC_WARN_UNUSED_VARIABLE = YES;
				IPHONEOS_DEPLOYMENT_TARGET = 16.1;
				MTL_ENABLE_DEBUG_INFO = NO;
				MTL_FAST_MATH = YES;
				SDKROOT = iphoneos;
				SWIFT_COMPILATION_MODE = wholemodule;
				SWIFT_OPTIMIZATION_LEVEL = "-O";
				VALIDATE_PRODUCT = YES;
			};
			name = Release;
		};
		C369D8732A42E6A700DBDE8A /* Debug */ = {
			isa = XCBuildConfiguration;
			baseConfigurationReference = AA29EBF9CEA90FED0CC0A97E /* Pods-OshiDiary.debug.xcconfig */;
			buildSettings = {
				ASSETCATALOG_COMPILER_APPICON_NAME = AppIcon;
				ASSETCATALOG_COMPILER_GLOBAL_ACCENT_COLOR_NAME = AccentColor;
				CODE_SIGN_STYLE = Automatic;
				CURRENT_PROJECT_VERSION = 1;
				DEVELOPMENT_TEAM = 9AXLFUXG8X;
				GENERATE_INFOPLIST_FILE = YES;
				INFOPLIST_FILE = OshiDiary/Info.plist;
				INFOPLIST_KEY_NSPhotoLibraryUsageDescription = "カメラロールを利用するため";
				INFOPLIST_KEY_UIApplicationSupportsIndirectInputEvents = YES;
				INFOPLIST_KEY_UILaunchStoryboardName = LaunchScreen;
				INFOPLIST_KEY_UIMainStoryboardFile = Main;
				INFOPLIST_KEY_UIStatusBarStyle = UIStatusBarStyleDarkContent;
				INFOPLIST_KEY_UISupportedInterfaceOrientations_iPad = "UIInterfaceOrientationPortrait UIInterfaceOrientationPortraitUpsideDown UIInterfaceOrientationLandscapeLeft UIInterfaceOrientationLandscapeRight";
				INFOPLIST_KEY_UISupportedInterfaceOrientations_iPhone = "UIInterfaceOrientationPortrait UIInterfaceOrientationLandscapeLeft UIInterfaceOrientationLandscapeRight";
				LD_RUNPATH_SEARCH_PATHS = (
					"$(inherited)",
					"@executable_path/Frameworks",
				);
				MARKETING_VERSION = 1.0;
				PRODUCT_BUNDLE_IDENTIFIER = umeme.OshiDiary;
				PRODUCT_NAME = "$(TARGET_NAME)";
				SWIFT_EMIT_LOC_STRINGS = YES;
				SWIFT_VERSION = 5.0;
				TARGETED_DEVICE_FAMILY = "1,2";
			};
			name = Debug;
		};
		C369D8742A42E6A700DBDE8A /* Release */ = {
			isa = XCBuildConfiguration;
			baseConfigurationReference = DD2B14EE28CB000A69BCA50E /* Pods-OshiDiary.release.xcconfig */;
			buildSettings = {
				ASSETCATALOG_COMPILER_APPICON_NAME = AppIcon;
				ASSETCATALOG_COMPILER_GLOBAL_ACCENT_COLOR_NAME = AccentColor;
				CODE_SIGN_STYLE = Automatic;
				CURRENT_PROJECT_VERSION = 1;
				DEVELOPMENT_TEAM = 9AXLFUXG8X;
				GENERATE_INFOPLIST_FILE = YES;
				INFOPLIST_FILE = OshiDiary/Info.plist;
				INFOPLIST_KEY_NSPhotoLibraryUsageDescription = "カメラロールを利用するため";
				INFOPLIST_KEY_UIApplicationSupportsIndirectInputEvents = YES;
				INFOPLIST_KEY_UILaunchStoryboardName = LaunchScreen;
				INFOPLIST_KEY_UIMainStoryboardFile = Main;
				INFOPLIST_KEY_UIStatusBarStyle = UIStatusBarStyleDarkContent;
				INFOPLIST_KEY_UISupportedInterfaceOrientations_iPad = "UIInterfaceOrientationPortrait UIInterfaceOrientationPortraitUpsideDown UIInterfaceOrientationLandscapeLeft UIInterfaceOrientationLandscapeRight";
				INFOPLIST_KEY_UISupportedInterfaceOrientations_iPhone = "UIInterfaceOrientationPortrait UIInterfaceOrientationLandscapeLeft UIInterfaceOrientationLandscapeRight";
				LD_RUNPATH_SEARCH_PATHS = (
					"$(inherited)",
					"@executable_path/Frameworks",
				);
				MARKETING_VERSION = 1.0;
				PRODUCT_BUNDLE_IDENTIFIER = umeme.OshiDiary;
				PRODUCT_NAME = "$(TARGET_NAME)";
				SWIFT_EMIT_LOC_STRINGS = YES;
				SWIFT_VERSION = 5.0;
				TARGETED_DEVICE_FAMILY = "1,2";
			};
			name = Release;
		};
/* End XCBuildConfiguration section */

/* Begin XCConfigurationList section */
		C369D8592A42E69D00DBDE8A /* Build configuration list for PBXProject "OshiDiary" */ = {
			isa = XCConfigurationList;
			buildConfigurations = (
				C369D8702A42E6A700DBDE8A /* Debug */,
				C369D8712A42E6A700DBDE8A /* Release */,
			);
			defaultConfigurationIsVisible = 0;
			defaultConfigurationName = Release;
		};
		C369D8722A42E6A700DBDE8A /* Build configuration list for PBXNativeTarget "OshiDiary" */ = {
			isa = XCConfigurationList;
			buildConfigurations = (
				C369D8732A42E6A700DBDE8A /* Debug */,
				C369D8742A42E6A700DBDE8A /* Release */,
			);
			defaultConfigurationIsVisible = 0;
			defaultConfigurationName = Release;
		};
/* End XCConfigurationList section */
	};
	rootObject = C369D8562A42E69D00DBDE8A /* Project object */;
}
